
Microsoft Visual Studio Solution File, Format Version 12.00
# Visual Studio Version 17
VisualStudioVersion = 17.9.34701.34
MinimumVisualStudioVersion = 10.0.40219.1
Project("{FAE04EC0-301F-11D3-BF4B-00C04F79EFBC}") = "ADO.NET", "ADO.NET.csproj", "{A56ABC4A-71B1-484C-A2CB-F2DA5B185936}"
EndProject
Global
	GlobalSection(SolutionConfigurationPlatforms) = preSolution
		Debug|Any CPU = Debug|Any CPU
		Release|Any CPU = Release|Any CPU
	EndGlobalSection
	GlobalSection(ProjectConfigurationPlatforms) = postSolution
		{A56ABC4A-71B1-484C-A2CB-F2DA5B185936}.Debug|Any CPU.ActiveCfg = Debug|Any CPU
		{A56ABC4A-71B1-484C-A2CB-F2DA5B185936}.Debug|Any CPU.Build.0 = Debug|Any CPU
		{A56ABC4A-71B1-484C-A2CB-F2DA5B185936}.Release|Any CPU.ActiveCfg = Release|Any CPU
		{A56ABC4A-71B1-484C-A2CB-F2DA5B185936}.Release|Any CPU.Build.0 = Release|Any CPU
	EndGlobalSection
	GlobalSection(SolutionProperties) = preSolution
		HideSolutionNode = FALSE
	EndGlobalSection
	GlobalSection(ExtensibilityGlobals) = postSolution
		SolutionGuid = {44884374-F94C-47CE-BD6A-9CBBE468619D}
	EndGlobalSection
EndGlobal
